
Microsoft Visual Studio Solution File, Format Version 12.00
# Visual Studio Version 17
VisualStudioVersion = 17.0.31808.319
MinimumVisualStudioVersion = 10.0.40219.1
Project("{2150E333-8FDC-42A3-9474-1A3956D46DE8}") = "Solution Items", "Solution Items", "{3ADEC19D-8737-4C98-9294-C0DBE73938F8}"
	ProjectSection(SolutionItems) = preProject
		.editorconfig = .editorconfig
	EndProjectSection
EndProject
Project("{9A19103F-16F7-4668-BE54-9A1E7A4F7556}") = "TresEnRaya", "TresEnRaya\TresEnRaya.csproj", "{34C33BA5-4DA4-4181-B2F2-40BBE474801A}"
EndProject
Project("{2150E333-8FDC-42A3-9474-1A3956D46DE8}") = "src", "src", "{69B7E785-990A-4B09-9980-C110BA7FF544}"
EndProject
Global
	GlobalSection(SolutionConfigurationPlatforms) = preSolution
		Debug|Any CPU = Debug|Any CPU
		Release|Any CPU = Release|Any CPU
	EndGlobalSection
	GlobalSection(ProjectConfigurationPlatforms) = postSolution
		{34C33BA5-4DA4-4181-B2F2-40BBE474801A}.Debug|Any CPU.ActiveCfg = Debug|Any CPU
		{34C33BA5-4DA4-4181-B2F2-40BBE474801A}.Debug|Any CPU.Build.0 = Debug|Any CPU
		{34C33BA5-4DA4-4181-B2F2-40BBE474801A}.Release|Any CPU.ActiveCfg = Release|Any CPU
		{34C33BA5-4DA4-4181-B2F2-40BBE474801A}.Release|Any CPU.Build.0 = Release|Any CPU
	EndGlobalSection
	GlobalSection(SolutionProperties) = preSolution
		HideSolutionNode = FALSE
	EndGlobalSection
	GlobalSection(NestedProjects) = preSolution
		{34C33BA5-4DA4-4181-B2F2-40BBE474801A} = {69B7E785-990A-4B09-9980-C110BA7FF544}
	EndGlobalSection
	GlobalSection(ExtensibilityGlobals) = postSolution
		SolutionGuid = {D9910F84-F791-4753-8A02-193B05CB3472}
	EndGlobalSection
EndGlobal
